
Microsoft Visual Studio Solution File, Format Version 12.00
# Visual Studio Version 17
VisualStudioVersion = 17.13.35818.85
MinimumVisualStudioVersion = 10.0.40219.1
Project("{FAE04EC0-301F-11D3-BF4B-00C04F79EFBC}") = "Api", "Api\Api.csproj", "{870F614E-F589-420B-AB27-AEC472AD79DC}"
EndProject
Project("{FAE04EC0-301F-11D3-BF4B-00C04F79EFBC}") = "Domain", "Domain\Domain.csproj", "{5B9DDD5F-38B1-4200-A782-2C8FF605640D}"
EndProject
Project("{FAE04EC0-301F-11D3-BF4B-00C04F79EFBC}") = "Infrastructure", "Infrastructure\Infrastructure.csproj", "{72EDCCE6-BF09-4F45-A44B-1E9B0C6C5971}"
EndProject
Global
	GlobalSection(SolutionConfigurationPlatforms) = preSolution
		Debug|Any CPU = Debug|Any CPU
		Release|Any CPU = Release|Any CPU
	EndGlobalSection
	GlobalSection(ProjectConfigurationPlatforms) = postSolution
		{870F614E-F589-420B-AB27-AEC472AD79DC}.Debug|Any CPU.ActiveCfg = Debug|Any CPU
		{870F614E-F589-420B-AB27-AEC472AD79DC}.Debug|Any CPU.Build.0 = Debug|Any CPU
		{870F614E-F589-420B-AB27-AEC472AD79DC}.Release|Any CPU.ActiveCfg = Release|Any CPU
		{870F614E-F589-420B-AB27-AEC472AD79DC}.Release|Any CPU.Build.0 = Release|Any CPU
		{5B9DDD5F-38B1-4200-A782-2C8FF605640D}.Debug|Any CPU.ActiveCfg = Debug|Any CPU
		{5B9DDD5F-38B1-4200-A782-2C8FF605640D}.Debug|Any CPU.Build.0 = Debug|Any CPU
		{5B9DDD5F-38B1-4200-A782-2C8FF605640D}.Release|Any CPU.ActiveCfg = Release|Any CPU
		{5B9DDD5F-38B1-4200-A782-2C8FF605640D}.Release|Any CPU.Build.0 = Release|Any CPU
		{72EDCCE6-BF09-4F45-A44B-1E9B0C6C5971}.Debug|Any CPU.ActiveCfg = Debug|Any CPU
		{72EDCCE6-BF09-4F45-A44B-1E9B0C6C5971}.Debug|Any CPU.Build.0 = Debug|Any CPU
		{72EDCCE6-BF09-4F45-A44B-1E9B0C6C5971}.Release|Any CPU.ActiveCfg = Release|Any CPU
		{72EDCCE6-BF09-4F45-A44B-1E9B0C6C5971}.Release|Any CPU.Build.0 = Release|Any CPU
	EndGlobalSection
	GlobalSection(SolutionProperties) = preSolution
		HideSolutionNode = FALSE
	EndGlobalSection
	GlobalSection(ExtensibilityGlobals) = postSolution
		SolutionGuid = {AA3987C0-67A1-4F6F-9497-F6C4B22268CA}
	EndGlobalSection
EndGlobal
